
Microsoft Visual Studio Solution File, Format Version 12.00
# Visual Studio Version 16
VisualStudioVersion = 16.0.29609.76
MinimumVisualStudioVersion = 14.0.25123.0
Project("{2150E333-8FDC-42A3-9474-1A3956D46DE8}") = "docs", "docs", "{ABC98CC7-8A96-4D81-B142-B16BE0642C08}"
	ProjectSection(SolutionItems) = preProject
		..\docs\README.md = ..\docs\README.md
	EndProjectSection
EndProject
Project("{2150E333-8FDC-42A3-9474-1A3956D46DE8}") = "nuget", "nuget", "{EF81005D-4B75-4A8C-ACBA-192A6988DD63}"
	ProjectSection(SolutionItems) = preProject
		..\nuget\Iratrips.MapKit.nuspec = ..\nuget\Iratrips.MapKit.nuspec
	EndProjectSection
EndProject
Project("{9A19103F-16F7-4668-BE54-9A1E7A4F7556}") = "Iratrips.MapKit", "Iratrips.MapKit\Iratrips.MapKit.csproj", "{2C9525E5-9A0D-4FE7-8F52-914303000B46}"
EndProject
Project("{FAE04EC0-301F-11D3-BF4B-00C04F79EFBC}") = "Iratrips.MapKit.Android", "Iratrips.MapKit.Android\Iratrips.MapKit.Android.csproj", "{C0278422-8C92-4CBC-B3DD-90BB1DA89042}"
EndProject
Project("{FAE04EC0-301F-11D3-BF4B-00C04F79EFBC}") = "Iratrips.MapKit.iOS", "Iratrips.MapKit.iOS\Iratrips.MapKit.iOS.csproj", "{AEE1EF81-8C9B-4AB0-B558-7A672F47E88F}"
EndProject
Project("{2150E333-8FDC-42A3-9474-1A3956D46DE8}") = "Examples", "Examples", "{5BEE1EE8-371C-40E2-8E92-877A8F6B0B08}"
EndProject
Project("{FAE04EC0-301F-11D3-BF4B-00C04F79EFBC}") = "Iratrips.MapKit.Example.Android", "Examples\Iratrips.MapKit.Example.Android\Iratrips.MapKit.Example.Android.csproj", "{F68759DB-D5DC-457C-975F-9D8294CABDAC}"
EndProject
Project("{9A19103F-16F7-4668-BE54-9A1E7A4F7556}") = "Iratrips.MapKit.Example", "Examples\Iratrips.MapKit.Example\Iratrips.MapKit.Example.csproj", "{FCEACD76-75E3-4ABE-80D5-FC971F63A33A}"
EndProject
Global
	GlobalSection(SolutionConfigurationPlatforms) = preSolution
		AppVeyor|Any CPU = AppVeyor|Any CPU
		AppVeyor|ARM = AppVeyor|ARM
		AppVeyor|iPhone = AppVeyor|iPhone
		AppVeyor|iPhoneSimulator = AppVeyor|iPhoneSimulator
		AppVeyor|Mixed Platforms = AppVeyor|Mixed Platforms
		AppVeyor|x64 = AppVeyor|x64
		AppVeyor|x86 = AppVeyor|x86
		Debug|Any CPU = Debug|Any CPU
		Debug|ARM = Debug|ARM
		Debug|iPhone = Debug|iPhone
		Debug|iPhoneSimulator = Debug|iPhoneSimulator
		Debug|Mixed Platforms = Debug|Mixed Platforms
		Debug|x64 = Debug|x64
		Debug|x86 = Debug|x86
		Release|Any CPU = Release|Any CPU
		Release|ARM = Release|ARM
		Release|iPhone = Release|iPhone
		Release|iPhoneSimulator = Release|iPhoneSimulator
		Release|Mixed Platforms = Release|Mixed Platforms
		Release|x64 = Release|x64
		Release|x86 = Release|x86
	EndGlobalSection
	GlobalSection(ProjectConfigurationPlatforms) = postSolution
		{2C9525E5-9A0D-4FE7-8F52-914303000B46}.AppVeyor|Any CPU.ActiveCfg = Debug|Any CPU
		{2C9525E5-9A0D-4FE7-8F52-914303000B46}.AppVeyor|Any CPU.Build.0 = Debug|Any CPU
		{2C9525E5-9A0D-4FE7-8F52-914303000B46}.AppVeyor|ARM.ActiveCfg = Debug|Any CPU
		{2C9525E5-9A0D-4FE7-8F52-914303000B46}.AppVeyor|ARM.Build.0 = Debug|Any CPU
		{2C9525E5-9A0D-4FE7-8F52-914303000B46}.AppVeyor|iPhone.ActiveCfg = Debug|Any CPU
		{2C9525E5-9A0D-4FE7-8F52-914303000B46}.AppVeyor|iPhone.Build.0 = Debug|Any CPU
		{2C9525E5-9A0D-4FE7-8F52-914303000B46}.AppVeyor|iPhoneSimulator.ActiveCfg = Debug|Any CPU
		{2C9525E5-9A0D-4FE7-8F52-914303000B46}.AppVeyor|iPhoneSimulator.Build.0 = Debug|Any CPU
		{2C9525E5-9A0D-4FE7-8F52-914303000B46}.AppVeyor|Mixed Platforms.ActiveCfg = Debug|Any CPU
		{2C9525E5-9A0D-4FE7-8F52-914303000B46}.AppVeyor|Mixed Platforms.Build.0 = Debug|Any CPU
		{2C9525E5-9A0D-4FE7-8F52-914303000B46}.AppVeyor|x64.ActiveCfg = Debug|Any CPU
		{2C9525E5-9A0D-4FE7-8F52-914303000B46}.AppVeyor|x64.Build.0 = Debug|Any CPU
		{2C9525E5-9A0D-4FE7-8F52-914303000B46}.AppVeyor|x86.ActiveCfg = Debug|Any CPU
		{2C9525E5-9A0D-4FE7-8F52-914303000B46}.AppVeyor|x86.Build.0 = Debug|Any CPU
		{2C9525E5-9A0D-4FE7-8F52-914303000B46}.Debug|Any CPU.ActiveCfg = Debug|Any CPU
		{2C9525E5-9A0D-4FE7-8F52-914303000B46}.Debug|Any CPU.Build.0 = Debug|Any CPU
		{2C9525E5-9A0D-4FE7-8F52-914303000B46}.Debug|ARM.ActiveCfg = Debug|Any CPU
		{2C9525E5-9A0D-4FE7-8F52-914303000B46}.Debug|ARM.Build.0 = Debug|Any CPU
		{2C9525E5-9A0D-4FE7-8F52-914303000B46}.Debug|iPhone.ActiveCfg = Debug|Any CPU
		{2C9525E5-9A0D-4FE7-8F52-914303000B46}.Debug|iPhone.Build.0 = Debug|Any CPU
		{2C9525E5-9A0D-4FE7-8F52-914303000B46}.Debug|iPhoneSimulator.ActiveCfg = Debug|Any CPU
		{2C9525E5-9A0D-4FE7-8F52-914303000B46}.Debug|iPhoneSimulator.Build.0 = Debug|Any CPU
		{2C9525E5-9A0D-4FE7-8F52-914303000B46}.Debug|Mixed Platforms.ActiveCfg = Debug|Any CPU
		{2C9525E5-9A0D-4FE7-8F52-914303000B46}.Debug|Mixed Platforms.Build.0 = Debug|Any CPU
		{2C9525E5-9A0D-4FE7-8F52-914303000B46}.Debug|x64.ActiveCfg = Debug|Any CPU
		{2C9525E5-9A0D-4FE7-8F52-914303000B46}.Debug|x64.Build.0 = Debug|Any CPU
		{2C9525E5-9A0D-4FE7-8F52-914303000B46}.Debug|x86.ActiveCfg = Debug|Any CPU
		{2C9525E5-9A0D-4FE7-8F52-914303000B46}.Debug|x86.Build.0 = Debug|Any CPU
		{2C9525E5-9A0D-4FE7-8F52-914303000B46}.Release|Any CPU.ActiveCfg = Release|Any CPU
		{2C9525E5-9A0D-4FE7-8F52-914303000B46}.Release|Any CPU.Build.0 = Release|Any CPU
		{2C9525E5-9A0D-4FE7-8F52-914303000B46}.Release|ARM.ActiveCfg = Release|Any CPU
		{2C9525E5-9A0D-4FE7-8F52-914303000B46}.Release|ARM.Build.0 = Release|Any CPU
		{2C9525E5-9A0D-4FE7-8F52-914303000B46}.Release|iPhone.ActiveCfg = Release|Any CPU
		{2C9525E5-9A0D-4FE7-8F52-914303000B46}.Release|iPhone.Build.0 = Release|Any CPU
		{2C9525E5-9A0D-4FE7-8F52-914303000B46}.Release|iPhoneSimulator.ActiveCfg = Release|Any CPU
		{2C9525E5-9A0D-4FE7-8F52-914303000B46}.Release|iPhoneSimulator.Build.0 = Release|Any CPU
		{2C9525E5-9A0D-4FE7-8F52-914303000B46}.Release|Mixed Platforms.ActiveCfg = Release|Any CPU
		{2C9525E5-9A0D-4FE7-8F52-914303000B46}.Release|Mixed Platforms.Build.0 = Release|Any CPU
		{2C9525E5-9A0D-4FE7-8F52-914303000B46}.Release|x64.ActiveCfg = Release|Any CPU
		{2C9525E5-9A0D-4FE7-8F52-914303000B46}.Release|x64.Build.0 = Release|Any CPU
		{2C9525E5-9A0D-4FE7-8F52-914303000B46}.Release|x86.ActiveCfg = Release|Any CPU
		{2C9525E5-9A0D-4FE7-8F52-914303000B46}.Release|x86.Build.0 = Release|Any CPU
		{C0278422-8C92-4CBC-B3DD-90BB1DA89042}.AppVeyor|Any CPU.ActiveCfg = Debug|Any CPU
		{C0278422-8C92-4CBC-B3DD-90BB1DA89042}.AppVeyor|Any CPU.Build.0 = Debug|Any CPU
		{C0278422-8C92-4CBC-B3DD-90BB1DA89042}.AppVeyor|ARM.ActiveCfg = Debug|Any CPU
		{C0278422-8C92-4CBC-B3DD-90BB1DA89042}.AppVeyor|ARM.Build.0 = Debug|Any CPU
		{C0278422-8C92-4CBC-B3DD-90BB1DA89042}.AppVeyor|iPhone.ActiveCfg = Debug|Any CPU
		{C0278422-8C92-4CBC-B3DD-90BB1DA89042}.AppVeyor|iPhone.Build.0 = Debug|Any CPU
		{C0278422-8C92-4CBC-B3DD-90BB1DA89042}.AppVeyor|iPhoneSimulator.ActiveCfg = Debug|Any CPU
		{C0278422-8C92-4CBC-B3DD-90BB1DA89042}.AppVeyor|iPhoneSimulator.Build.0 = Debug|Any CPU
		{C0278422-8C92-4CBC-B3DD-90BB1DA89042}.AppVeyor|Mixed Platforms.ActiveCfg = Debug|Any CPU
		{C0278422-8C92-4CBC-B3DD-90BB1DA89042}.AppVeyor|Mixed Platforms.Build.0 = Debug|Any CPU
		{C0278422-8C92-4CBC-B3DD-90BB1DA89042}.AppVeyor|x64.ActiveCfg = Debug|Any CPU
		{C0278422-8C92-4CBC-B3DD-90BB1DA89042}.AppVeyor|x64.Build.0 = Debug|Any CPU
		{C0278422-8C92-4CBC-B3DD-90BB1DA89042}.AppVeyor|x86.ActiveCfg = Debug|Any CPU
		{C0278422-8C92-4CBC-B3DD-90BB1DA89042}.AppVeyor|x86.Build.0 = Debug|Any CPU
		{C0278422-8C92-4CBC-B3DD-90BB1DA89042}.Debug|Any CPU.ActiveCfg = Debug|Any CPU
		{C0278422-8C92-4CBC-B3DD-90BB1DA89042}.Debug|Any CPU.Build.0 = Debug|Any CPU
		{C0278422-8C92-4CBC-B3DD-90BB1DA89042}.Debug|ARM.ActiveCfg = Debug|Any CPU
		{C0278422-8C92-4CBC-B3DD-90BB1DA89042}.Debug|ARM.Build.0 = Debug|Any CPU
		{C0278422-8C92-4CBC-B3DD-90BB1DA89042}.Debug|iPhone.ActiveCfg = Debug|Any CPU
		{C0278422-8C92-4CBC-B3DD-90BB1DA89042}.Debug|iPhone.Build.0 = Debug|Any CPU
		{C0278422-8C92-4CBC-B3DD-90BB1DA89042}.Debug|iPhoneSimulator.ActiveCfg = Debug|Any CPU
		{C0278422-8C92-4CBC-B3DD-90BB1DA89042}.Debug|iPhoneSimulator.Build.0 = Debug|Any CPU
		{C0278422-8C92-4CBC-B3DD-90BB1DA89042}.Debug|Mixed Platforms.ActiveCfg = Debug|Any CPU
		{C0278422-8C92-4CBC-B3DD-90BB1DA89042}.Debug|Mixed Platforms.Build.0 = Debug|Any CPU
		{C0278422-8C92-4CBC-B3DD-90BB1DA89042}.Debug|x64.ActiveCfg = Debug|Any CPU
		{C0278422-8C92-4CBC-B3DD-90BB1DA89042}.Debug|x64.Build.0 = Debug|Any CPU
		{C0278422-8C92-4CBC-B3DD-90BB1DA89042}.Debug|x86.ActiveCfg = Debug|Any CPU
		{C0278422-8C92-4CBC-B3DD-90BB1DA89042}.Debug|x86.Build.0 = Debug|Any CPU
		{C0278422-8C92-4CBC-B3DD-90BB1DA89042}.Release|Any CPU.ActiveCfg = Release|Any CPU
		{C0278422-8C92-4CBC-B3DD-90BB1DA89042}.Release|Any CPU.Build.0 = Release|Any CPU
		{C0278422-8C92-4CBC-B3DD-90BB1DA89042}.Release|ARM.ActiveCfg = Release|Any CPU
		{C0278422-8C92-4CBC-B3DD-90BB1DA89042}.Release|ARM.Build.0 = Release|Any CPU
		{C0278422-8C92-4CBC-B3DD-90BB1DA89042}.Release|iPhone.ActiveCfg = Release|Any CPU
		{C0278422-8C92-4CBC-B3DD-90BB1DA89042}.Release|iPhone.Build.0 = Release|Any CPU
		{C0278422-8C92-4CBC-B3DD-90BB1DA89042}.Release|iPhoneSimulator.ActiveCfg = Release|Any CPU
		{C0278422-8C92-4CBC-B3DD-90BB1DA89042}.Release|iPhoneSimulator.Build.0 = Release|Any CPU
		{C0278422-8C92-4CBC-B3DD-90BB1DA89042}.Release|Mixed Platforms.ActiveCfg = Release|Any CPU
		{C0278422-8C92-4CBC-B3DD-90BB1DA89042}.Release|Mixed Platforms.Build.0 = Release|Any CPU
		{C0278422-8C92-4CBC-B3DD-90BB1DA89042}.Release|x64.ActiveCfg = Release|Any CPU
		{C0278422-8C92-4CBC-B3DD-90BB1DA89042}.Release|x64.Build.0 = Release|Any CPU
		{C0278422-8C92-4CBC-B3DD-90BB1DA89042}.Release|x86.ActiveCfg = Release|Any CPU
		{C0278422-8C92-4CBC-B3DD-90BB1DA89042}.Release|x86.Build.0 = Release|Any CPU
		{AEE1EF81-8C9B-4AB0-B558-7A672F47E88F}.AppVeyor|Any CPU.ActiveCfg = Debug|Any CPU
		{AEE1EF81-8C9B-4AB0-B558-7A672F47E88F}.AppVeyor|Any CPU.Build.0 = Debug|Any CPU
		{AEE1EF81-8C9B-4AB0-B558-7A672F47E88F}.AppVeyor|ARM.ActiveCfg = Debug|Any CPU
		{AEE1EF81-8C9B-4AB0-B558-7A672F47E88F}.AppVeyor|ARM.Build.0 = Debug|Any CPU
		{AEE1EF81-8C9B-4AB0-B558-7A672F47E88F}.AppVeyor|iPhone.ActiveCfg = Debug|Any CPU
		{AEE1EF81-8C9B-4AB0-B558-7A672F47E88F}.AppVeyor|iPhone.Build.0 = Debug|Any CPU
		{AEE1EF81-8C9B-4AB0-B558-7A672F47E88F}.AppVeyor|iPhoneSimulator.ActiveCfg = Debug|Any CPU
		{AEE1EF81-8C9B-4AB0-B558-7A672F47E88F}.AppVeyor|iPhoneSimulator.Build.0 = Debug|Any CPU
		{AEE1EF81-8C9B-4AB0-B558-7A672F47E88F}.AppVeyor|Mixed Platforms.ActiveCfg = Debug|Any CPU
		{AEE1EF81-8C9B-4AB0-B558-7A672F47E88F}.AppVeyor|Mixed Platforms.Build.0 = Debug|Any CPU
		{AEE1EF81-8C9B-4AB0-B558-7A672F47E88F}.AppVeyor|x64.ActiveCfg = Debug|Any CPU
		{AEE1EF81-8C9B-4AB0-B558-7A672F47E88F}.AppVeyor|x64.Build.0 = Debug|Any CPU
		{AEE1EF81-8C9B-4AB0-B558-7A672F47E88F}.AppVeyor|x86.ActiveCfg = Debug|Any CPU
		{AEE1EF81-8C9B-4AB0-B558-7A672F47E88F}.AppVeyor|x86.Build.0 = Debug|Any CPU
		{AEE1EF81-8C9B-4AB0-B558-7A672F47E88F}.Debug|Any CPU.ActiveCfg = Debug|Any CPU
		{AEE1EF81-8C9B-4AB0-B558-7A672F47E88F}.Debug|Any CPU.Build.0 = Debug|Any CPU
		{AEE1EF81-8C9B-4AB0-B558-7A672F47E88F}.Debug|ARM.ActiveCfg = Debug|Any CPU
		{AEE1EF81-8C9B-4AB0-B558-7A672F47E88F}.Debug|ARM.Build.0 = Debug|Any CPU
		{AEE1EF81-8C9B-4AB0-B558-7A672F47E88F}.Debug|iPhone.ActiveCfg = Debug|Any CPU
		{AEE1EF81-8C9B-4AB0-B558-7A672F47E88F}.Debug|iPhone.Build.0 = Debug|Any CPU
		{AEE1EF81-8C9B-4AB0-B558-7A672F47E88F}.Debug|iPhoneSimulator.ActiveCfg = Debug|Any CPU
		{AEE1EF81-8C9B-4AB0-B558-7A672F47E88F}.Debug|iPhoneSimulator.Build.0 = Debug|Any CPU
		{AEE1EF81-8C9B-4AB0-B558-7A672F47E88F}.Debug|Mixed Platforms.ActiveCfg = Debug|Any CPU
		{AEE1EF81-8C9B-4AB0-B558-7A672F47E88F}.Debug|Mixed Platforms.Build.0 = Debug|Any CPU
		{AEE1EF81-8C9B-4AB0-B558-7A672F47E88F}.Debug|x64.ActiveCfg = Debug|Any CPU
		{AEE1EF81-8C9B-4AB0-B558-7A672F47E88F}.Debug|x64.Build.0 = Debug|Any CPU
		{AEE1EF81-8C9B-4AB0-B558-7A672F47E88F}.Debug|x86.ActiveCfg = Debug|Any CPU
		{AEE1EF81-8C9B-4AB0-B558-7A672F47E88F}.Debug|x86.Build.0 = Debug|Any CPU
		{AEE1EF81-8C9B-4AB0-B558-7A672F47E88F}.Release|Any CPU.ActiveCfg = Release|Any CPU
		{AEE1EF81-8C9B-4AB0-B558-7A672F47E88F}.Release|Any CPU.Build.0 = Release|Any CPU
		{AEE1EF81-8C9B-4AB0-B558-7A672F47E88F}.Release|ARM.ActiveCfg = Release|Any CPU
		{AEE1EF81-8C9B-4AB0-B558-7A672F47E88F}.Release|ARM.Build.0 = Release|Any CPU
		{AEE1EF81-8C9B-4AB0-B558-7A672F47E88F}.Release|iPhone.ActiveCfg = Release|Any CPU
		{AEE1EF81-8C9B-4AB0-B558-7A672F47E88F}.Release|iPhone.Build.0 = Release|Any CPU
		{AEE1EF81-8C9B-4AB0-B558-7A672F47E88F}.Release|iPhoneSimulator.ActiveCfg = Release|Any CPU
		{AEE1EF81-8C9B-4AB0-B558-7A672F47E88F}.Release|iPhoneSimulator.Build.0 = Release|Any CPU
		{AEE1EF81-8C9B-4AB0-B558-7A672F47E88F}.Release|Mixed Platforms.ActiveCfg = Release|Any CPU
		{AEE1EF81-8C9B-4AB0-B558-7A672F47E88F}.Release|Mixed Platforms.Build.0 = Release|Any CPU
		{AEE1EF81-8C9B-4AB0-B558-7A672F47E88F}.Release|x64.ActiveCfg = Release|Any CPU
		{AEE1EF81-8C9B-4AB0-B558-7A672F47E88F}.Release|x64.Build.0 = Release|Any CPU
		{AEE1EF81-8C9B-4AB0-B558-7A672F47E88F}.Release|x86.ActiveCfg = Release|Any CPU
		{AEE1EF81-8C9B-4AB0-B558-7A672F47E88F}.Release|x86.Build.0 = Release|Any CPU
		{F68759DB-D5DC-457C-975F-9D8294CABDAC}.AppVeyor|Any CPU.ActiveCfg = Debug|Any CPU
		{F68759DB-D5DC-457C-975F-9D8294CABDAC}.AppVeyor|Any CPU.Build.0 = Debug|Any CPU
		{F68759DB-D5DC-457C-975F-9D8294CABDAC}.AppVeyor|Any CPU.Deploy.0 = Debug|Any CPU
		{F68759DB-D5DC-457C-975F-9D8294CABDAC}.AppVeyor|ARM.ActiveCfg = Debug|Any CPU
		{F68759DB-D5DC-457C-975F-9D8294CABDAC}.AppVeyor|ARM.Build.0 = Debug|Any CPU
		{F68759DB-D5DC-457C-975F-9D8294CABDAC}.AppVeyor|ARM.Deploy.0 = Debug|Any CPU
		{F68759DB-D5DC-457C-975F-9D8294CABDAC}.AppVeyor|iPhone.ActiveCfg = Debug|Any CPU
		{F68759DB-D5DC-457C-975F-9D8294CABDAC}.AppVeyor|iPhone.Build.0 = Debug|Any CPU
		{F68759DB-D5DC-457C-975F-9D8294CABDAC}.AppVeyor|iPhone.Deploy.0 = Debug|Any CPU
		{F68759DB-D5DC-457C-975F-9D8294CABDAC}.AppVeyor|iPhoneSimulator.ActiveCfg = Debug|Any CPU
		{F68759DB-D5DC-457C-975F-9D8294CABDAC}.AppVeyor|iPhoneSimulator.Build.0 = Debug|Any CPU
		{F68759DB-D5DC-457C-975F-9D8294CABDAC}.AppVeyor|iPhoneSimulator.Deploy.0 = Debug|Any CPU
		{F68759DB-D5DC-457C-975F-9D8294CABDAC}.AppVeyor|Mixed Platforms.ActiveCfg = Debug|Any CPU
		{F68759DB-D5DC-457C-975F-9D8294CABDAC}.AppVeyor|Mixed Platforms.Build.0 = Debug|Any CPU
		{F68759DB-D5DC-457C-975F-9D8294CABDAC}.AppVeyor|Mixed Platforms.Deploy.0 = Debug|Any CPU
		{F68759DB-D5DC-457C-975F-9D8294CABDAC}.AppVeyor|x64.ActiveCfg = Debug|Any CPU
		{F68759DB-D5DC-457C-975F-9D8294CABDAC}.AppVeyor|x64.Build.0 = Debug|Any CPU
		{F68759DB-D5DC-457C-975F-9D8294CABDAC}.AppVeyor|x64.Deploy.0 = Debug|Any CPU
		{F68759DB-D5DC-457C-975F-9D8294CABDAC}.AppVeyor|x86.ActiveCfg = Debug|Any CPU
		{F68759DB-D5DC-457C-975F-9D8294CABDAC}.AppVeyor|x86.Build.0 = Debug|Any CPU
		{F68759DB-D5DC-457C-975F-9D8294CABDAC}.AppVeyor|x86.Deploy.0 = Debug|Any CPU
		{F68759DB-D5DC-457C-975F-9D8294CABDAC}.Debug|Any CPU.ActiveCfg = Debug|Any CPU
		{F68759DB-D5DC-457C-975F-9D8294CABDAC}.Debug|Any CPU.Build.0 = Debug|Any CPU
		{F68759DB-D5DC-457C-975F-9D8294CABDAC}.Debug|Any CPU.Deploy.0 = Debug|Any CPU
		{F68759DB-D5DC-457C-975F-9D8294CABDAC}.Debug|ARM.ActiveCfg = Debug|Any CPU
		{F68759DB-D5DC-457C-975F-9D8294CABDAC}.Debug|ARM.Build.0 = Debug|Any CPU
		{F68759DB-D5DC-457C-975F-9D8294CABDAC}.Debug|ARM.Deploy.0 = Debug|Any CPU
		{F68759DB-D5DC-457C-975F-9D8294CABDAC}.Debug|iPhone.ActiveCfg = Debug|Any CPU
		{F68759DB-D5DC-457C-975F-9D8294CABDAC}.Debug|iPhone.Build.0 = Debug|Any CPU
		{F68759DB-D5DC-457C-975F-9D8294CABDAC}.Debug|iPhone.Deploy.0 = Debug|Any CPU
		{F68759DB-D5DC-457C-975F-9D8294CABDAC}.Debug|iPhoneSimulator.ActiveCfg = Debug|Any CPU
		{F68759DB-D5DC-457C-975F-9D8294CABDAC}.Debug|iPhoneSimulator.Build.0 = Debug|Any CPU
		{F68759DB-D5DC-457C-975F-9D8294CABDAC}.Debug|iPhoneSimulator.Deploy.0 = Debug|Any CPU
		{F68759DB-D5DC-457C-975F-9D8294CABDAC}.Debug|Mixed Platforms.ActiveCfg = Debug|Any CPU
		{F68759DB-D5DC-457C-975F-9D8294CABDAC}.Debug|Mixed Platforms.Build.0 = Debug|Any CPU
		{F68759DB-D5DC-457C-975F-9D8294CABDAC}.Debug|Mixed Platforms.Deploy.0 = Debug|Any CPU
		{F68759DB-D5DC-457C-975F-9D8294CABDAC}.Debug|x64.ActiveCfg = Debug|Any CPU
		{F68759DB-D5DC-457C-975F-9D8294CABDAC}.Debug|x64.Build.0 = Debug|Any CPU
		{F68759DB-D5DC-457C-975F-9D8294CABDAC}.Debug|x64.Deploy.0 = Debug|Any CPU
		{F68759DB-D5DC-457C-975F-9D8294CABDAC}.Debug|x86.ActiveCfg = Debug|Any CPU
		{F68759DB-D5DC-457C-975F-9D8294CABDAC}.Debug|x86.Build.0 = Debug|Any CPU
		{F68759DB-D5DC-457C-975F-9D8294CABDAC}.Debug|x86.Deploy.0 = Debug|Any CPU
		{F68759DB-D5DC-457C-975F-9D8294CABDAC}.Release|Any CPU.ActiveCfg = Release|Any CPU
		{F68759DB-D5DC-457C-975F-9D8294CABDAC}.Release|Any CPU.Build.0 = Release|Any CPU
		{F68759DB-D5DC-457C-975F-9D8294CABDAC}.Release|Any CPU.Deploy.0 = Release|Any CPU
		{F68759DB-D5DC-457C-975F-9D8294CABDAC}.Release|ARM.ActiveCfg = Release|Any CPU
		{F68759DB-D5DC-457C-975F-9D8294CABDAC}.Release|ARM.Build.0 = Release|Any CPU
		{F68759DB-D5DC-457C-975F-9D8294CABDAC}.Release|ARM.Deploy.0 = Release|Any CPU
		{F68759DB-D5DC-457C-975F-9D8294CABDAC}.Release|iPhone.ActiveCfg = Release|Any CPU
		{F68759DB-D5DC-457C-975F-9D8294CABDAC}.Release|iPhone.Build.0 = Release|Any CPU
		{F68759DB-D5DC-457C-975F-9D8294CABDAC}.Release|iPhone.Deploy.0 = Release|Any CPU
		{F68759DB-D5DC-457C-975F-9D8294CABDAC}.Release|iPhoneSimulator.ActiveCfg = Release|Any CPU
		{F68759DB-D5DC-457C-975F-9D8294CABDAC}.Release|iPhoneSimulator.Build.0 = Release|Any CPU
		{F68759DB-D5DC-457C-975F-9D8294CABDAC}.Release|iPhoneSimulator.Deploy.0 = Release|Any CPU
		{F68759DB-D5DC-457C-975F-9D8294CABDAC}.Release|Mixed Platforms.ActiveCfg = Release|Any CPU
		{F68759DB-D5DC-457C-975F-9D8294CABDAC}.Release|Mixed Platforms.Build.0 = Release|Any CPU
		{F68759DB-D5DC-457C-975F-9D8294CABDAC}.Release|Mixed Platforms.Deploy.0 = Release|Any CPU
		{F68759DB-D5DC-457C-975F-9D8294CABDAC}.Release|x64.ActiveCfg = Release|Any CPU
		{F68759DB-D5DC-457C-975F-9D8294CABDAC}.Release|x64.Build.0 = Release|Any CPU
		{F68759DB-D5DC-457C-975F-9D8294CABDAC}.Release|x64.Deploy.0 = Release|Any CPU
		{F68759DB-D5DC-457C-975F-9D8294CABDAC}.Release|x86.ActiveCfg = Release|Any CPU
		{F68759DB-D5DC-457C-975F-9D8294CABDAC}.Release|x86.Build.0 = Release|Any CPU
		{F68759DB-D5DC-457C-975F-9D8294CABDAC}.Release|x86.Deploy.0 = Release|Any CPU
		{FCEACD76-75E3-4ABE-80D5-FC971F63A33A}.AppVeyor|Any CPU.ActiveCfg = Debug|Any CPU
		{FCEACD76-75E3-4ABE-80D5-FC971F63A33A}.AppVeyor|Any CPU.Build.0 = Debug|Any CPU
		{FCEACD76-75E3-4ABE-80D5-FC971F63A33A}.AppVeyor|ARM.ActiveCfg = Debug|Any CPU
		{FCEACD76-75E3-4ABE-80D5-FC971F63A33A}.AppVeyor|ARM.Build.0 = Debug|Any CPU
		{FCEACD76-75E3-4ABE-80D5-FC971F63A33A}.AppVeyor|iPhone.ActiveCfg = Debug|Any CPU
		{FCEACD76-75E3-4ABE-80D5-FC971F63A33A}.AppVeyor|iPhone.Build.0 = Debug|Any CPU
		{FCEACD76-75E3-4ABE-80D5-FC971F63A33A}.AppVeyor|iPhoneSimulator.ActiveCfg = Debug|Any CPU
		{FCEACD76-75E3-4ABE-80D5-FC971F63A33A}.AppVeyor|iPhoneSimulator.Build.0 = Debug|Any CPU
		{FCEACD76-75E3-4ABE-80D5-FC971F63A33A}.AppVeyor|Mixed Platforms.ActiveCfg = Debug|Any CPU
		{FCEACD76-75E3-4ABE-80D5-FC971F63A33A}.AppVeyor|Mixed Platforms.Build.0 = Debug|Any CPU
		{FCEACD76-75E3-4ABE-80D5-FC971F63A33A}.AppVeyor|x64.ActiveCfg = Debug|Any CPU
		{FCEACD76-75E3-4ABE-80D5-FC971F63A33A}.AppVeyor|x64.Build.0 = Debug|Any CPU
		{FCEACD76-75E3-4ABE-80D5-FC971F63A33A}.AppVeyor|x86.ActiveCfg = Debug|Any CPU
		{FCEACD76-75E3-4ABE-80D5-FC971F63A33A}.AppVeyor|x86.Build.0 = Debug|Any CPU
		{FCEACD76-75E3-4ABE-80D5-FC971F63A33A}.Debug|Any CPU.ActiveCfg = Debug|Any CPU
		{FCEACD76-75E3-4ABE-80D5-FC971F63A33A}.Debug|Any CPU.Build.0 = Debug|Any CPU
		{FCEACD76-75E3-4ABE-80D5-FC971F63A33A}.Debug|ARM.ActiveCfg = Debug|Any CPU
		{FCEACD76-75E3-4ABE-80D5-FC971F63A33A}.Debug|ARM.Build.0 = Debug|Any CPU
		{FCEACD76-75E3-4ABE-80D5-FC971F63A33A}.Debug|iPhone.ActiveCfg = Debug|Any CPU
		{FCEACD76-75E3-4ABE-80D5-FC971F63A33A}.Debug|iPhone.Build.0 = Debug|Any CPU
		{FCEACD76-75E3-4ABE-80D5-FC971F63A33A}.Debug|iPhoneSimulator.ActiveCfg = Debug|Any CPU
		{FCEACD76-75E3-4ABE-80D5-FC971F63A33A}.Debug|iPhoneSimulator.Build.0 = Debug|Any CPU
		{FCEACD76-75E3-4ABE-80D5-FC971F63A33A}.Debug|Mixed Platforms.ActiveCfg = Debug|Any CPU
		{FCEACD76-75E3-4ABE-80D5-FC971F63A33A}.Debug|Mixed Platforms.Build.0 = Debug|Any CPU
		{FCEACD76-75E3-4ABE-80D5-FC971F63A33A}.Debug|x64.ActiveCfg = Debug|Any CPU
		{FCEACD76-75E3-4ABE-80D5-FC971F63A33A}.Debug|x64.Build.0 = Debug|Any CPU
		{FCEACD76-75E3-4ABE-80D5-FC971F63A33A}.Debug|x86.ActiveCfg = Debug|Any CPU
		{FCEACD76-75E3-4ABE-80D5-FC971F63A33A}.Debug|x86.Build.0 = Debug|Any CPU
		{FCEACD76-75E3-4ABE-80D5-FC971F63A33A}.Release|Any CPU.ActiveCfg = Release|Any CPU
		{FCEACD76-75E3-4ABE-80D5-FC971F63A33A}.Release|Any CPU.Build.0 = Release|Any CPU
		{FCEACD76-75E3-4ABE-80D5-FC971F63A33A}.Release|ARM.ActiveCfg = Release|Any CPU
		{FCEACD76-75E3-4ABE-80D5-FC971F63A33A}.Release|ARM.Build.0 = Release|Any CPU
		{FCEACD76-75E3-4ABE-80D5-FC971F63A33A}.Release|iPhone.ActiveCfg = Release|Any CPU
		{FCEACD76-75E3-4ABE-80D5-FC971F63A33A}.Release|iPhone.Build.0 = Release|Any CPU
		{FCEACD76-75E3-4ABE-80D5-FC971F63A33A}.Release|iPhoneSimulator.ActiveCfg = Release|Any CPU
		{FCEACD76-75E3-4ABE-80D5-FC971F63A33A}.Release|iPhoneSimulator.Build.0 = Release|Any CPU
		{FCEACD76-75E3-4ABE-80D5-FC971F63A33A}.Release|Mixed Platforms.ActiveCfg = Release|Any CPU
		{FCEACD76-75E3-4ABE-80D5-FC971F63A33A}.Release|Mixed Platforms.Build.0 = Release|Any CPU
		{FCEACD76-75E3-4ABE-80D5-FC971F63A33A}.Release|x64.ActiveCfg = Release|Any CPU
		{FCEACD76-75E3-4ABE-80D5-FC971F63A33A}.Release|x64.Build.0 = Release|Any CPU
		{FCEACD76-75E3-4ABE-80D5-FC971F63A33A}.Release|x86.ActiveCfg = Release|Any CPU
		{FCEACD76-75E3-4ABE-80D5-FC971F63A33A}.Release|x86.Build.0 = Release|Any CPU
	EndGlobalSection
	GlobalSection(SolutionProperties) = preSolution
		HideSolutionNode = FALSE
	EndGlobalSection
	GlobalSection(NestedProjects) = preSolution
		{F68759DB-D5DC-457C-975F-9D8294CABDAC} = {5BEE1EE8-371C-40E2-8E92-877A8F6B0B08}
		{FCEACD76-75E3-4ABE-80D5-FC971F63A33A} = {5BEE1EE8-371C-40E2-8E92-877A8F6B0B08}
	EndGlobalSection
	GlobalSection(ExtensibilityGlobals) = postSolution
		SolutionGuid = {E7FE1D34-070F-43B3-B5EF-7A6A11783C27}
	EndGlobalSection
EndGlobal
