
Microsoft Visual Studio Solution File, Format Version 12.00
# Visual Studio Version 17
VisualStudioVersion = 17.5.33516.290
MinimumVisualStudioVersion = 10.0.40219.1
Project("{9A19103F-16F7-4668-BE54-9A1E7A4F7556}") = "Iratrips.Mapkit", "Iratrips.Mapkit\Iratrips.Mapkit.csproj", "{257C1D6E-D760-4F34-8A5F-4957B301E7B3}"
EndProject
Project("{FAE04EC0-301F-11D3-BF4B-00C04F79EFBC}") = "Iratrips.Mapkit.iOS", "Iratrips.Mapkit.iOS\Iratrips.Mapkit.iOS.csproj", "{3B07CB76-447D-47CD-8791-5FA66FDC45BB}"
EndProject
Project("{FAE04EC0-301F-11D3-BF4B-00C04F79EFBC}") = "Iratrips.Mapkit.Droid", "Iratrips.Mapkit.Droid\Iratrips.Mapkit.Droid.csproj", "{8025AE18-3D45-4FE7-B8A6-5F58222EEAD7}"
EndProject
Global
	GlobalSection(SolutionConfigurationPlatforms) = preSolution
		Debug|Any CPU = Debug|Any CPU
		Debug|iPhone = Debug|iPhone
		Debug|iPhoneSimulator = Debug|iPhoneSimulator
		Release|Any CPU = Release|Any CPU
		Release|iPhone = Release|iPhone
		Release|iPhoneSimulator = Release|iPhoneSimulator
	EndGlobalSection
	GlobalSection(ProjectConfigurationPlatforms) = postSolution
		{257C1D6E-D760-4F34-8A5F-4957B301E7B3}.Debug|Any CPU.ActiveCfg = Debug|Any CPU
		{257C1D6E-D760-4F34-8A5F-4957B301E7B3}.Debug|Any CPU.Build.0 = Debug|Any CPU
		{257C1D6E-D760-4F34-8A5F-4957B301E7B3}.Debug|iPhone.ActiveCfg = Debug|Any CPU
		{257C1D6E-D760-4F34-8A5F-4957B301E7B3}.Debug|iPhone.Build.0 = Debug|Any CPU
		{257C1D6E-D760-4F34-8A5F-4957B301E7B3}.Debug|iPhoneSimulator.ActiveCfg = Debug|Any CPU
		{257C1D6E-D760-4F34-8A5F-4957B301E7B3}.Debug|iPhoneSimulator.Build.0 = Debug|Any CPU
		{257C1D6E-D760-4F34-8A5F-4957B301E7B3}.Release|Any CPU.ActiveCfg = Release|Any CPU
		{257C1D6E-D760-4F34-8A5F-4957B301E7B3}.Release|Any CPU.Build.0 = Release|Any CPU
		{257C1D6E-D760-4F34-8A5F-4957B301E7B3}.Release|iPhone.ActiveCfg = Release|Any CPU
		{257C1D6E-D760-4F34-8A5F-4957B301E7B3}.Release|iPhone.Build.0 = Release|Any CPU
		{257C1D6E-D760-4F34-8A5F-4957B301E7B3}.Release|iPhoneSimulator.ActiveCfg = Release|Any CPU
		{257C1D6E-D760-4F34-8A5F-4957B301E7B3}.Release|iPhoneSimulator.Build.0 = Release|Any CPU
		{3B07CB76-447D-47CD-8791-5FA66FDC45BB}.Debug|Any CPU.ActiveCfg = Debug|Any CPU
		{3B07CB76-447D-47CD-8791-5FA66FDC45BB}.Debug|Any CPU.Build.0 = Debug|Any CPU
		{3B07CB76-447D-47CD-8791-5FA66FDC45BB}.Debug|iPhone.ActiveCfg = Debug|Any CPU
		{3B07CB76-447D-47CD-8791-5FA66FDC45BB}.Debug|iPhone.Build.0 = Debug|Any CPU
		{3B07CB76-447D-47CD-8791-5FA66FDC45BB}.Debug|iPhoneSimulator.ActiveCfg = Debug|Any CPU
		{3B07CB76-447D-47CD-8791-5FA66FDC45BB}.Debug|iPhoneSimulator.Build.0 = Debug|Any CPU
		{3B07CB76-447D-47CD-8791-5FA66FDC45BB}.Release|Any CPU.ActiveCfg = Release|Any CPU
		{3B07CB76-447D-47CD-8791-5FA66FDC45BB}.Release|Any CPU.Build.0 = Release|Any CPU
		{3B07CB76-447D-47CD-8791-5FA66FDC45BB}.Release|iPhone.ActiveCfg = Release|Any CPU
		{3B07CB76-447D-47CD-8791-5FA66FDC45BB}.Release|iPhone.Build.0 = Release|Any CPU
		{3B07CB76-447D-47CD-8791-5FA66FDC45BB}.Release|iPhoneSimulator.ActiveCfg = Release|Any CPU
		{3B07CB76-447D-47CD-8791-5FA66FDC45BB}.Release|iPhoneSimulator.Build.0 = Release|Any CPU
		{8025AE18-3D45-4FE7-B8A6-5F58222EEAD7}.Debug|Any CPU.ActiveCfg = Debug|Any CPU
		{8025AE18-3D45-4FE7-B8A6-5F58222EEAD7}.Debug|Any CPU.Build.0 = Debug|Any CPU
		{8025AE18-3D45-4FE7-B8A6-5F58222EEAD7}.Debug|iPhone.ActiveCfg = Debug|Any CPU
		{8025AE18-3D45-4FE7-B8A6-5F58222EEAD7}.Debug|iPhone.Build.0 = Debug|Any CPU
		{8025AE18-3D45-4FE7-B8A6-5F58222EEAD7}.Debug|iPhoneSimulator.ActiveCfg = Debug|Any CPU
		{8025AE18-3D45-4FE7-B8A6-5F58222EEAD7}.Debug|iPhoneSimulator.Build.0 = Debug|Any CPU
		{8025AE18-3D45-4FE7-B8A6-5F58222EEAD7}.Release|Any CPU.ActiveCfg = Release|Any CPU
		{8025AE18-3D45-4FE7-B8A6-5F58222EEAD7}.Release|Any CPU.Build.0 = Release|Any CPU
		{8025AE18-3D45-4FE7-B8A6-5F58222EEAD7}.Release|iPhone.ActiveCfg = Release|Any CPU
		{8025AE18-3D45-4FE7-B8A6-5F58222EEAD7}.Release|iPhone.Build.0 = Release|Any CPU
		{8025AE18-3D45-4FE7-B8A6-5F58222EEAD7}.Release|iPhoneSimulator.ActiveCfg = Release|Any CPU
		{8025AE18-3D45-4FE7-B8A6-5F58222EEAD7}.Release|iPhoneSimulator.Build.0 = Release|Any CPU
	EndGlobalSection
	GlobalSection(SolutionProperties) = preSolution
		HideSolutionNode = FALSE
	EndGlobalSection
	GlobalSection(ExtensibilityGlobals) = postSolution
		SolutionGuid = {A032C8DD-3A15-40A7-8BF1-F59B63B9857B}
	EndGlobalSection
EndGlobal
